<?xml version="1.0" encoding="utf-8"?>
<Project ToolsVersion="17.0" xmlns="http://schemas.microsoft.com/developer/msbuild/2003">
  <ItemGroup>
    <ClCompile Include="C:\src\OpenGL\NeHe_Lesson04-master\src\Lesson04.c">
      <Filter>Source Files</Filter>
    </ClCompile>
  </ItemGroup>
  <ItemGroup>
    <CustomBuild Include="C:\src\OpenGL\NeHe_Lesson04-master\CMAKELists.txt" />
  </ItemGroup>
  <ItemGroup>
    <ResourceCompile Include="C:\src\OpenGL\NeHe_Lesson04-master\src\Lesson04.rc">
      <Filter>Source Files</Filter>
    </ResourceCompile>
  </ItemGroup>
  <ItemGroup>
    <Filter Include="Source Files">
      <UniqueIdentifier>{09A9D7E5-7ABF-3D21-A2BF-5E96AACE31DB}</UniqueIdentifier>
    </Filter>
  </ItemGroup>
</Project>
