<?xml version="1.0" encoding="utf-8"?>
<Project ToolsVersion="17.0" xmlns="http://schemas.microsoft.com/developer/msbuild/2003">
  <ItemGroup>
    <CustomBuild Include="C:\src\OpenGL\NeHe_Lesson04-master\build.cmake\VS2022X32\CMakeFiles\21767fdac82309a4dc4eb64790595f0a\generate.stamp.rule">
      <Filter>CMake Rules</Filter>
    </CustomBuild>
  </ItemGroup>
  <ItemGroup>
    <Filter Include="CMake Rules">
      <UniqueIdentifier>{01AA9CDD-C0FC-33F5-8AE2-3C37138E010B}</UniqueIdentifier>
    </Filter>
  </ItemGroup>
</Project>
